
Microsoft Visual Studio Solution File, Format Version 12.00
# Visual Studio Version 17
VisualStudioVersion = 17.10.35013.160
MinimumVisualStudioVersion = 10.0.40219.1
Project("{FAE04EC0-301F-11D3-BF4B-00C04F79EFBC}") = "Weapon", "Weapon\Weapon.csproj", "{0A90ABB9-AD64-4DD8-A968-DB6810565BEB}"
EndProject
Global
	GlobalSection(SolutionConfigurationPlatforms) = preSolution
		Debug|Any CPU = Debug|Any CPU
		Release|Any CPU = Release|Any CPU
	EndGlobalSection
	GlobalSection(ProjectConfigurationPlatforms) = postSolution
		{0A90ABB9-AD64-4DD8-A968-DB6810565BEB}.Debug|Any CPU.ActiveCfg = Debug|Any CPU
		{0A90ABB9-AD64-4DD8-A968-DB6810565BEB}.Debug|Any CPU.Build.0 = Debug|Any CPU
		{0A90ABB9-AD64-4DD8-A968-DB6810565BEB}.Release|Any CPU.ActiveCfg = Release|Any CPU
		{0A90ABB9-AD64-4DD8-A968-DB6810565BEB}.Release|Any CPU.Build.0 = Release|Any CPU
	EndGlobalSection
	GlobalSection(SolutionProperties) = preSolution
		HideSolutionNode = FALSE
	EndGlobalSection
	GlobalSection(ExtensibilityGlobals) = postSolution
		SolutionGuid = {A053FEF4-9462-4A61-A936-CDEBA2039912}
	EndGlobalSection
EndGlobal
